version: 2.0
shards:
  crsfml:
    git: https://github.com/oprypin/crsfml.git
    version: 2.5.2

  entitas:
    git: https://github.com/spoved/entitas.cr.git
    version: 1.4.5

  imgui:
    git: https://github.com/oprypin/crystal-imgui.git
    version: 1.87

  imgui-sfml:
    git: https://github.com/oprypin/crystal-imgui-sfml.git
    version: 1.87

  spoved:
    git: https://github.com/spoved/spoved.cr.git
    version: 0.6.4

