version: 2.0
shards:
  crsfml:
    git: https://github.com/oprypin/crsfml.git
    version: 2.5.2

  entitas:
    git: https://github.com/spoved/entitas.cr.git
    version: 1.4.4

  imgui:
    git: https://github.com/oprypin/crystal-imgui.git
    version: 0.1.0+git.commit.3c577079d1319e80e79a0b739439fc3b53c5011f

  imgui-sfml:
    git: https://github.com/oprypin/crystal-imgui-sfml.git
    version: 2.1.0+git.commit.73e03608837b3690cea9c9df0b95d1626c50c38e

  spoved:
    git: https://github.com/spoved/spoved.cr.git
    version: 0.6.4

